
Microsoft Visual Studio Solution File, Format Version 12.00
# Visual Studio Version 16
VisualStudioVersion = 16.0.30621.155
MinimumVisualStudioVersion = 10.0.40219.1
Project("{FAE04EC0-301F-11D3-BF4B-00C04F79EFBC}") = "TesteCreditSuisse", "TesteCreditSuisse\TesteCreditSuisse.csproj", "{B9CD1EAB-EB8F-48BD-8715-B29C9E6A691E}"
EndProject
Global
	GlobalSection(SolutionConfigurationPlatforms) = preSolution
		Debug|Any CPU = Debug|Any CPU
		Release|Any CPU = Release|Any CPU
	EndGlobalSection
	GlobalSection(ProjectConfigurationPlatforms) = postSolution
		{B9CD1EAB-EB8F-48BD-8715-B29C9E6A691E}.Debug|Any CPU.ActiveCfg = Debug|Any CPU
		{B9CD1EAB-EB8F-48BD-8715-B29C9E6A691E}.Debug|Any CPU.Build.0 = Debug|Any CPU
		{B9CD1EAB-EB8F-48BD-8715-B29C9E6A691E}.Release|Any CPU.ActiveCfg = Release|Any CPU
		{B9CD1EAB-EB8F-48BD-8715-B29C9E6A691E}.Release|Any CPU.Build.0 = Release|Any CPU
	EndGlobalSection
	GlobalSection(SolutionProperties) = preSolution
		HideSolutionNode = FALSE
	EndGlobalSection
	GlobalSection(ExtensibilityGlobals) = postSolution
		SolutionGuid = {464E8A20-56BA-45C5-A7B8-C29265095F77}
	EndGlobalSection
EndGlobal
